
Microsoft Visual Studio Solution File, Format Version 12.00
# Visual Studio Version 17
VisualStudioVersion = 17.8.34330.188
MinimumVisualStudioVersion = 10.0.40219.1
Project("{FAE04EC0-301F-11D3-BF4B-00C04F79EFBC}") = "FacilityManagement", "FacilityManagement.csproj", "{44523D45-619B-40A3-9990-BA34FED4688D}"
EndProject
Global
	GlobalSection(SolutionConfigurationPlatforms) = preSolution
		Debug|Any CPU = Debug|Any CPU
		Release|Any CPU = Release|Any CPU
	EndGlobalSection
	GlobalSection(ProjectConfigurationPlatforms) = postSolution
		{44523D45-619B-40A3-9990-BA34FED4688D}.Debug|Any CPU.ActiveCfg = Debug|Any CPU
		{44523D45-619B-40A3-9990-BA34FED4688D}.Debug|Any CPU.Build.0 = Debug|Any CPU
		{44523D45-619B-40A3-9990-BA34FED4688D}.Release|Any CPU.ActiveCfg = Release|Any CPU
		{44523D45-619B-40A3-9990-BA34FED4688D}.Release|Any CPU.Build.0 = Release|Any CPU
	EndGlobalSection
	GlobalSection(SolutionProperties) = preSolution
		HideSolutionNode = FALSE
	EndGlobalSection
	GlobalSection(ExtensibilityGlobals) = postSolution
		SolutionGuid = {6D0EC707-F5C2-4AC8-8B29-9FFA35D1B12D}
	EndGlobalSection
EndGlobal
